
Microsoft Visual Studio Solution File, Format Version 12.00
# Visual Studio Version 16
VisualStudioVersion = 16.0.31321.278
MinimumVisualStudioVersion = 10.0.40219.1
Project("{8BC9CEB8-8B4A-11D0-8D11-00A0C91BC942}") = "OpenGLTesting", "OpenGLTesting.vcxproj", "{1E32C199-4BF3-4FA3-8446-B5E4D7DD618D}"
EndProject
Global
	GlobalSection(SolutionConfigurationPlatforms) = preSolution
		Debug|x64 = Debug|x64
		Debug|x86 = Debug|x86
		Release|x64 = Release|x64
		Release|x86 = Release|x86
	EndGlobalSection
	GlobalSection(ProjectConfigurationPlatforms) = postSolution
		{1E32C199-4BF3-4FA3-8446-B5E4D7DD618D}.Debug|x64.ActiveCfg = Debug|x64
		{1E32C199-4BF3-4FA3-8446-B5E4D7DD618D}.Debug|x64.Build.0 = Debug|x64
		{1E32C199-4BF3-4FA3-8446-B5E4D7DD618D}.Debug|x86.ActiveCfg = Debug|Win32
		{1E32C199-4BF3-4FA3-8446-B5E4D7DD618D}.Debug|x86.Build.0 = Debug|Win32
		{1E32C199-4BF3-4FA3-8446-B5E4D7DD618D}.Release|x64.ActiveCfg = Release|x64
		{1E32C199-4BF3-4FA3-8446-B5E4D7DD618D}.Release|x64.Build.0 = Release|x64
		{1E32C199-4BF3-4FA3-8446-B5E4D7DD618D}.Release|x86.ActiveCfg = Release|Win32
		{1E32C199-4BF3-4FA3-8446-B5E4D7DD618D}.Release|x86.Build.0 = Release|Win32
	EndGlobalSection
	GlobalSection(SolutionProperties) = preSolution
		HideSolutionNode = FALSE
	EndGlobalSection
	GlobalSection(ExtensibilityGlobals) = postSolution
		SolutionGuid = {8880283A-3F90-404C-92F4-4681EEE6AA9E}
	EndGlobalSection
EndGlobal
